
Microsoft Visual Studio Solution File, Format Version 12.00
# Visual Studio 2013
VisualStudioVersion = 12.0.31101.0
MinimumVisualStudioVersion = 10.0.40219.1
Project("{8BC9CEB8-8B4A-11D0-8D11-00A0C91BC942}") = "Export", "Export\Export.vcxproj", "{41D78D52-9AE6-41D3-BDE6-BD3A3BB258E3}"
EndProject
Project("{FAE04EC0-301F-11D3-BF4B-00C04F79EFBC}") = "ExportWrap", "ExportWrap\ExportWrap.csproj", "{7B9AF862-B50F-47BD-956F-FFAE38C62BE6}"
EndProject
Project("{8BC9CEB8-8B4A-11D0-8D11-00A0C91BC942}") = "Player", "Player\NativePlayer.vcxproj", "{69F9D03A-112E-4F1B-B8B3-DF9B7EA7E212}"
EndProject
Project("{FAE04EC0-301F-11D3-BF4B-00C04F79EFBC}") = "PlayerWrap", "PlayerWrap\PlayerWrap.csproj", "{2D1A57CE-E5AF-415C-A0B6-C21A1A83C17D}"
EndProject
Project("{8BC9CEB8-8B4A-11D0-8D11-00A0C91BC942}") = "Recorder", "Recorder\Recorder.vcxproj", "{3E021B06-B105-4903-9692-2C8CA442CB35}"
EndProject
Project("{FAE04EC0-301F-11D3-BF4B-00C04F79EFBC}") = "RecorderWrap", "RecorderWrap\RecorderWrap.csproj", "{D3B113BE-4507-456B-969C-AFA4CC5B5926}"
	ProjectSection(ProjectDependencies) = postProject
		{3E021B06-B105-4903-9692-2C8CA442CB35} = {3E021B06-B105-4903-9692-2C8CA442CB35}
	EndProjectSection
EndProject
Project("{FAE04EC0-301F-11D3-BF4B-00C04F79EFBC}") = "FFmpegPlayer", "FFmpegPlayer\FFmpegPlayer.csproj", "{7D1D8092-93F2-4638-8A58-E9B4990673DC}"
	ProjectSection(ProjectDependencies) = postProject
		{3E021B06-B105-4903-9692-2C8CA442CB35} = {3E021B06-B105-4903-9692-2C8CA442CB35}
	EndProjectSection
EndProject
Project("{FAE04EC0-301F-11D3-BF4B-00C04F79EFBC}") = "RecorderConsole", "FFmpegPlayerConsole\RecorderConsole.csproj", "{4AE5570E-48DA-464B-A149-C3EC3DC88902}"
EndProject
Project("{8BC9CEB8-8B4A-11D0-8D11-00A0C91BC942}") = "PlayerSDL", "PlayerSDL\PlayerSDL.vcxproj", "{A496EE44-0BE4-4334-8702-AD445FA3DCEC}"
EndProject
Project("{FAE04EC0-301F-11D3-BF4B-00C04F79EFBC}") = "PlayerSdlWrap", "PlayerSdlWrap\PlayerSdlWrap.csproj", "{62347349-86A1-4D9B-BA53-FAFF552CE387}"
EndProject
Global
	GlobalSection(SolutionConfigurationPlatforms) = preSolution
		Debug|Any CPU = Debug|Any CPU
		Debug|Mixed Platforms = Debug|Mixed Platforms
		Debug|Win32 = Debug|Win32
		Debug|x86 = Debug|x86
		Release|Any CPU = Release|Any CPU
		Release|Mixed Platforms = Release|Mixed Platforms
		Release|Win32 = Release|Win32
		Release|x86 = Release|x86
	EndGlobalSection
	GlobalSection(ProjectConfigurationPlatforms) = postSolution
		{41D78D52-9AE6-41D3-BDE6-BD3A3BB258E3}.Debug|Any CPU.ActiveCfg = Debug|Win32
		{41D78D52-9AE6-41D3-BDE6-BD3A3BB258E3}.Debug|Mixed Platforms.ActiveCfg = Debug|Win32
		{41D78D52-9AE6-41D3-BDE6-BD3A3BB258E3}.Debug|Mixed Platforms.Build.0 = Debug|Win32
		{41D78D52-9AE6-41D3-BDE6-BD3A3BB258E3}.Debug|Win32.ActiveCfg = Debug|Win32
		{41D78D52-9AE6-41D3-BDE6-BD3A3BB258E3}.Debug|Win32.Build.0 = Debug|Win32
		{41D78D52-9AE6-41D3-BDE6-BD3A3BB258E3}.Debug|x86.ActiveCfg = Debug|Win32
		{41D78D52-9AE6-41D3-BDE6-BD3A3BB258E3}.Debug|x86.Build.0 = Debug|Win32
		{41D78D52-9AE6-41D3-BDE6-BD3A3BB258E3}.Release|Any CPU.ActiveCfg = Release|Win32
		{41D78D52-9AE6-41D3-BDE6-BD3A3BB258E3}.Release|Mixed Platforms.ActiveCfg = Release|Win32
		{41D78D52-9AE6-41D3-BDE6-BD3A3BB258E3}.Release|Mixed Platforms.Build.0 = Release|Win32
		{41D78D52-9AE6-41D3-BDE6-BD3A3BB258E3}.Release|Win32.ActiveCfg = Release|Win32
		{41D78D52-9AE6-41D3-BDE6-BD3A3BB258E3}.Release|Win32.Build.0 = Release|Win32
		{41D78D52-9AE6-41D3-BDE6-BD3A3BB258E3}.Release|x86.ActiveCfg = Debug|Win32
		{41D78D52-9AE6-41D3-BDE6-BD3A3BB258E3}.Release|x86.Build.0 = Debug|Win32
		{7B9AF862-B50F-47BD-956F-FFAE38C62BE6}.Debug|Any CPU.ActiveCfg = Debug|Any CPU
		{7B9AF862-B50F-47BD-956F-FFAE38C62BE6}.Debug|Any CPU.Build.0 = Debug|Any CPU
		{7B9AF862-B50F-47BD-956F-FFAE38C62BE6}.Debug|Mixed Platforms.ActiveCfg = Debug|x86
		{7B9AF862-B50F-47BD-956F-FFAE38C62BE6}.Debug|Mixed Platforms.Build.0 = Debug|x86
		{7B9AF862-B50F-47BD-956F-FFAE38C62BE6}.Debug|Win32.ActiveCfg = Debug|x86
		{7B9AF862-B50F-47BD-956F-FFAE38C62BE6}.Debug|Win32.Build.0 = Debug|x86
		{7B9AF862-B50F-47BD-956F-FFAE38C62BE6}.Debug|x86.ActiveCfg = Debug|x86
		{7B9AF862-B50F-47BD-956F-FFAE38C62BE6}.Debug|x86.Build.0 = Debug|x86
		{7B9AF862-B50F-47BD-956F-FFAE38C62BE6}.Release|Any CPU.ActiveCfg = Release|Any CPU
		{7B9AF862-B50F-47BD-956F-FFAE38C62BE6}.Release|Any CPU.Build.0 = Release|Any CPU
		{7B9AF862-B50F-47BD-956F-FFAE38C62BE6}.Release|Mixed Platforms.ActiveCfg = Release|x86
		{7B9AF862-B50F-47BD-956F-FFAE38C62BE6}.Release|Mixed Platforms.Build.0 = Release|x86
		{7B9AF862-B50F-47BD-956F-FFAE38C62BE6}.Release|Win32.ActiveCfg = Release|x86
		{7B9AF862-B50F-47BD-956F-FFAE38C62BE6}.Release|Win32.Build.0 = Release|x86
		{7B9AF862-B50F-47BD-956F-FFAE38C62BE6}.Release|x86.ActiveCfg = Debug|x86
		{7B9AF862-B50F-47BD-956F-FFAE38C62BE6}.Release|x86.Build.0 = Debug|x86
		{69F9D03A-112E-4F1B-B8B3-DF9B7EA7E212}.Debug|Any CPU.ActiveCfg = Debug|Win32
		{69F9D03A-112E-4F1B-B8B3-DF9B7EA7E212}.Debug|Mixed Platforms.ActiveCfg = Debug|Win32
		{69F9D03A-112E-4F1B-B8B3-DF9B7EA7E212}.Debug|Mixed Platforms.Build.0 = Debug|Win32
		{69F9D03A-112E-4F1B-B8B3-DF9B7EA7E212}.Debug|Win32.ActiveCfg = Debug|Win32
		{69F9D03A-112E-4F1B-B8B3-DF9B7EA7E212}.Debug|Win32.Build.0 = Debug|Win32
		{69F9D03A-112E-4F1B-B8B3-DF9B7EA7E212}.Debug|x86.ActiveCfg = Debug|Win32
		{69F9D03A-112E-4F1B-B8B3-DF9B7EA7E212}.Debug|x86.Build.0 = Debug|Win32
		{69F9D03A-112E-4F1B-B8B3-DF9B7EA7E212}.Release|Any CPU.ActiveCfg = Release|Win32
		{69F9D03A-112E-4F1B-B8B3-DF9B7EA7E212}.Release|Mixed Platforms.ActiveCfg = Release|Win32
		{69F9D03A-112E-4F1B-B8B3-DF9B7EA7E212}.Release|Mixed Platforms.Build.0 = Release|Win32
		{69F9D03A-112E-4F1B-B8B3-DF9B7EA7E212}.Release|Win32.ActiveCfg = Release|Win32
		{69F9D03A-112E-4F1B-B8B3-DF9B7EA7E212}.Release|Win32.Build.0 = Release|Win32
		{69F9D03A-112E-4F1B-B8B3-DF9B7EA7E212}.Release|x86.ActiveCfg = Debug|Win32
		{69F9D03A-112E-4F1B-B8B3-DF9B7EA7E212}.Release|x86.Build.0 = Debug|Win32
		{2D1A57CE-E5AF-415C-A0B6-C21A1A83C17D}.Debug|Any CPU.ActiveCfg = Debug|Any CPU
		{2D1A57CE-E5AF-415C-A0B6-C21A1A83C17D}.Debug|Any CPU.Build.0 = Debug|Any CPU
		{2D1A57CE-E5AF-415C-A0B6-C21A1A83C17D}.Debug|Mixed Platforms.ActiveCfg = Debug|x86
		{2D1A57CE-E5AF-415C-A0B6-C21A1A83C17D}.Debug|Mixed Platforms.Build.0 = Debug|x86
		{2D1A57CE-E5AF-415C-A0B6-C21A1A83C17D}.Debug|Win32.ActiveCfg = Debug|x86
		{2D1A57CE-E5AF-415C-A0B6-C21A1A83C17D}.Debug|Win32.Build.0 = Debug|x86
		{2D1A57CE-E5AF-415C-A0B6-C21A1A83C17D}.Debug|x86.ActiveCfg = Debug|x86
		{2D1A57CE-E5AF-415C-A0B6-C21A1A83C17D}.Debug|x86.Build.0 = Debug|x86
		{2D1A57CE-E5AF-415C-A0B6-C21A1A83C17D}.Release|Any CPU.ActiveCfg = Release|Any CPU
		{2D1A57CE-E5AF-415C-A0B6-C21A1A83C17D}.Release|Any CPU.Build.0 = Release|Any CPU
		{2D1A57CE-E5AF-415C-A0B6-C21A1A83C17D}.Release|Mixed Platforms.ActiveCfg = Release|x86
		{2D1A57CE-E5AF-415C-A0B6-C21A1A83C17D}.Release|Mixed Platforms.Build.0 = Release|x86
		{2D1A57CE-E5AF-415C-A0B6-C21A1A83C17D}.Release|Win32.ActiveCfg = Release|x86
		{2D1A57CE-E5AF-415C-A0B6-C21A1A83C17D}.Release|Win32.Build.0 = Release|x86
		{2D1A57CE-E5AF-415C-A0B6-C21A1A83C17D}.Release|x86.ActiveCfg = Debug|x86
		{2D1A57CE-E5AF-415C-A0B6-C21A1A83C17D}.Release|x86.Build.0 = Debug|x86
		{3E021B06-B105-4903-9692-2C8CA442CB35}.Debug|Any CPU.ActiveCfg = Debug|Win32
		{3E021B06-B105-4903-9692-2C8CA442CB35}.Debug|Mixed Platforms.ActiveCfg = Debug|Win32
		{3E021B06-B105-4903-9692-2C8CA442CB35}.Debug|Mixed Platforms.Build.0 = Debug|Win32
		{3E021B06-B105-4903-9692-2C8CA442CB35}.Debug|Win32.ActiveCfg = Debug|Win32
		{3E021B06-B105-4903-9692-2C8CA442CB35}.Debug|Win32.Build.0 = Debug|Win32
		{3E021B06-B105-4903-9692-2C8CA442CB35}.Debug|x86.ActiveCfg = Debug|Win32
		{3E021B06-B105-4903-9692-2C8CA442CB35}.Debug|x86.Build.0 = Debug|Win32
		{3E021B06-B105-4903-9692-2C8CA442CB35}.Release|Any CPU.ActiveCfg = Release|Win32
		{3E021B06-B105-4903-9692-2C8CA442CB35}.Release|Mixed Platforms.ActiveCfg = Release|Win32
		{3E021B06-B105-4903-9692-2C8CA442CB35}.Release|Mixed Platforms.Build.0 = Release|Win32
		{3E021B06-B105-4903-9692-2C8CA442CB35}.Release|Win32.ActiveCfg = Release|Win32
		{3E021B06-B105-4903-9692-2C8CA442CB35}.Release|Win32.Build.0 = Release|Win32
		{3E021B06-B105-4903-9692-2C8CA442CB35}.Release|x86.ActiveCfg = Release|Win32
		{3E021B06-B105-4903-9692-2C8CA442CB35}.Release|x86.Build.0 = Release|Win32
		{D3B113BE-4507-456B-969C-AFA4CC5B5926}.Debug|Any CPU.ActiveCfg = Debug|Any CPU
		{D3B113BE-4507-456B-969C-AFA4CC5B5926}.Debug|Any CPU.Build.0 = Debug|Any CPU
		{D3B113BE-4507-456B-969C-AFA4CC5B5926}.Debug|Mixed Platforms.ActiveCfg = Debug|Any CPU
		{D3B113BE-4507-456B-969C-AFA4CC5B5926}.Debug|Mixed Platforms.Build.0 = Debug|Any CPU
		{D3B113BE-4507-456B-969C-AFA4CC5B5926}.Debug|Win32.ActiveCfg = Debug|Any CPU
		{D3B113BE-4507-456B-969C-AFA4CC5B5926}.Debug|x86.ActiveCfg = Debug|Any CPU
		{D3B113BE-4507-456B-969C-AFA4CC5B5926}.Release|Any CPU.ActiveCfg = Release|Any CPU
		{D3B113BE-4507-456B-969C-AFA4CC5B5926}.Release|Any CPU.Build.0 = Release|Any CPU
		{D3B113BE-4507-456B-969C-AFA4CC5B5926}.Release|Mixed Platforms.ActiveCfg = Release|Any CPU
		{D3B113BE-4507-456B-969C-AFA4CC5B5926}.Release|Mixed Platforms.Build.0 = Release|Any CPU
		{D3B113BE-4507-456B-969C-AFA4CC5B5926}.Release|Win32.ActiveCfg = Release|Any CPU
		{D3B113BE-4507-456B-969C-AFA4CC5B5926}.Release|x86.ActiveCfg = Release|Any CPU
		{D3B113BE-4507-456B-969C-AFA4CC5B5926}.Release|x86.Build.0 = Release|Any CPU
		{7D1D8092-93F2-4638-8A58-E9B4990673DC}.Debug|Any CPU.ActiveCfg = Debug|Any CPU
		{7D1D8092-93F2-4638-8A58-E9B4990673DC}.Debug|Any CPU.Build.0 = Debug|Any CPU
		{7D1D8092-93F2-4638-8A58-E9B4990673DC}.Debug|Mixed Platforms.ActiveCfg = Debug|Any CPU
		{7D1D8092-93F2-4638-8A58-E9B4990673DC}.Debug|Mixed Platforms.Build.0 = Debug|Any CPU
		{7D1D8092-93F2-4638-8A58-E9B4990673DC}.Debug|Win32.ActiveCfg = Debug|Any CPU
		{7D1D8092-93F2-4638-8A58-E9B4990673DC}.Debug|x86.ActiveCfg = Debug|Any CPU
		{7D1D8092-93F2-4638-8A58-E9B4990673DC}.Release|Any CPU.ActiveCfg = Release|Any CPU
		{7D1D8092-93F2-4638-8A58-E9B4990673DC}.Release|Any CPU.Build.0 = Release|Any CPU
		{7D1D8092-93F2-4638-8A58-E9B4990673DC}.Release|Mixed Platforms.ActiveCfg = Release|Any CPU
		{7D1D8092-93F2-4638-8A58-E9B4990673DC}.Release|Mixed Platforms.Build.0 = Release|Any CPU
		{7D1D8092-93F2-4638-8A58-E9B4990673DC}.Release|Win32.ActiveCfg = Release|Any CPU
		{7D1D8092-93F2-4638-8A58-E9B4990673DC}.Release|x86.ActiveCfg = Release|Any CPU
		{7D1D8092-93F2-4638-8A58-E9B4990673DC}.Release|x86.Build.0 = Release|Any CPU
		{4AE5570E-48DA-464B-A149-C3EC3DC88902}.Debug|Any CPU.ActiveCfg = Debug|Any CPU
		{4AE5570E-48DA-464B-A149-C3EC3DC88902}.Debug|Any CPU.Build.0 = Debug|Any CPU
		{4AE5570E-48DA-464B-A149-C3EC3DC88902}.Debug|Mixed Platforms.ActiveCfg = Debug|Any CPU
		{4AE5570E-48DA-464B-A149-C3EC3DC88902}.Debug|Mixed Platforms.Build.0 = Debug|Any CPU
		{4AE5570E-48DA-464B-A149-C3EC3DC88902}.Debug|Win32.ActiveCfg = Debug|Any CPU
		{4AE5570E-48DA-464B-A149-C3EC3DC88902}.Debug|x86.ActiveCfg = Debug|Any CPU
		{4AE5570E-48DA-464B-A149-C3EC3DC88902}.Release|Any CPU.ActiveCfg = Release|Any CPU
		{4AE5570E-48DA-464B-A149-C3EC3DC88902}.Release|Any CPU.Build.0 = Release|Any CPU
		{4AE5570E-48DA-464B-A149-C3EC3DC88902}.Release|Mixed Platforms.ActiveCfg = Release|Any CPU
		{4AE5570E-48DA-464B-A149-C3EC3DC88902}.Release|Mixed Platforms.Build.0 = Release|Any CPU
		{4AE5570E-48DA-464B-A149-C3EC3DC88902}.Release|Win32.ActiveCfg = Release|Any CPU
		{4AE5570E-48DA-464B-A149-C3EC3DC88902}.Release|x86.ActiveCfg = Release|Any CPU
		{A496EE44-0BE4-4334-8702-AD445FA3DCEC}.Debug|Any CPU.ActiveCfg = Debug|Win32
		{A496EE44-0BE4-4334-8702-AD445FA3DCEC}.Debug|Mixed Platforms.ActiveCfg = Debug|Win32
		{A496EE44-0BE4-4334-8702-AD445FA3DCEC}.Debug|Mixed Platforms.Build.0 = Debug|Win32
		{A496EE44-0BE4-4334-8702-AD445FA3DCEC}.Debug|Win32.ActiveCfg = Debug|Win32
		{A496EE44-0BE4-4334-8702-AD445FA3DCEC}.Debug|Win32.Build.0 = Debug|Win32
		{A496EE44-0BE4-4334-8702-AD445FA3DCEC}.Debug|x86.ActiveCfg = Debug|Win32
		{A496EE44-0BE4-4334-8702-AD445FA3DCEC}.Debug|x86.Build.0 = Debug|Win32
		{A496EE44-0BE4-4334-8702-AD445FA3DCEC}.Release|Any CPU.ActiveCfg = Release|Win32
		{A496EE44-0BE4-4334-8702-AD445FA3DCEC}.Release|Mixed Platforms.ActiveCfg = Release|Win32
		{A496EE44-0BE4-4334-8702-AD445FA3DCEC}.Release|Mixed Platforms.Build.0 = Release|Win32
		{A496EE44-0BE4-4334-8702-AD445FA3DCEC}.Release|Win32.ActiveCfg = Release|Win32
		{A496EE44-0BE4-4334-8702-AD445FA3DCEC}.Release|Win32.Build.0 = Release|Win32
		{A496EE44-0BE4-4334-8702-AD445FA3DCEC}.Release|x86.ActiveCfg = Release|Win32
		{A496EE44-0BE4-4334-8702-AD445FA3DCEC}.Release|x86.Build.0 = Release|Win32
		{62347349-86A1-4D9B-BA53-FAFF552CE387}.Debug|Any CPU.ActiveCfg = Debug|Any CPU
		{62347349-86A1-4D9B-BA53-FAFF552CE387}.Debug|Any CPU.Build.0 = Debug|Any CPU
		{62347349-86A1-4D9B-BA53-FAFF552CE387}.Debug|Mixed Platforms.ActiveCfg = Debug|Any CPU
		{62347349-86A1-4D9B-BA53-FAFF552CE387}.Debug|Mixed Platforms.Build.0 = Debug|Any CPU
		{62347349-86A1-4D9B-BA53-FAFF552CE387}.Debug|Win32.ActiveCfg = Debug|Any CPU
		{62347349-86A1-4D9B-BA53-FAFF552CE387}.Debug|x86.ActiveCfg = Debug|Any CPU
		{62347349-86A1-4D9B-BA53-FAFF552CE387}.Release|Any CPU.ActiveCfg = Release|Any CPU
		{62347349-86A1-4D9B-BA53-FAFF552CE387}.Release|Any CPU.Build.0 = Release|Any CPU
		{62347349-86A1-4D9B-BA53-FAFF552CE387}.Release|Mixed Platforms.ActiveCfg = Release|Any CPU
		{62347349-86A1-4D9B-BA53-FAFF552CE387}.Release|Mixed Platforms.Build.0 = Release|Any CPU
		{62347349-86A1-4D9B-BA53-FAFF552CE387}.Release|Win32.ActiveCfg = Release|Any CPU
		{62347349-86A1-4D9B-BA53-FAFF552CE387}.Release|x86.ActiveCfg = Release|Any CPU
	EndGlobalSection
	GlobalSection(SolutionProperties) = preSolution
		HideSolutionNode = FALSE
	EndGlobalSection
EndGlobal
